lockfileVersion: '9.0'

settings:
  autoInstallPeers: true
  excludeLinksFromLockfile: false

importers:

  .:
    dependencies:
      flexsearch:
        specifier: ^0.8.205
        version: 0.8.212

packages:

  flexsearch@0.8.212:
    resolution: {integrity: sha512-wSyJr1GUWoOOIISRu+X2IXiOcVfg9qqBRyCPRUdLMIGJqPzMo+jMRlvE83t14v1j0dRMEaBbER/adQjp6Du2pw==}

snapshots:

  flexsearch@0.8.212: {}
